
Microsoft Visual Studio Solution File, Format Version 12.00
# Visual Studio Version 17
VisualStudioVersion = 17.14.36408.4 d17.14
MinimumVisualStudioVersion = 10.0.40219.1
Project("{8BC9CEB8-8B4A-11D0-8D11-00A0C91BC942}") = "obfuscator", "obfuscator\obfuscator.vcxproj", "{36146F60-0DAA-4BE0-9A72-6D95DB88CDDA}"
EndProject
Global
	GlobalSection(SolutionConfigurationPlatforms) = preSolution
		Debug|x64 = Debug|x64
		Debug|x86 = Debug|x86
		Release|x64 = Release|x64
		Release|x86 = Release|x86
	EndGlobalSection
	GlobalSection(ProjectConfigurationPlatforms) = postSolution
		{36146F60-0DAA-4BE0-9A72-6D95DB88CDDA}.Debug|x64.ActiveCfg = Debug|x64
		{36146F60-0DAA-4BE0-9A72-6D95DB88CDDA}.Debug|x64.Build.0 = Debug|x64
		{36146F60-0DAA-4BE0-9A72-6D95DB88CDDA}.Debug|x86.ActiveCfg = Debug|Win32
		{36146F60-0DAA-4BE0-9A72-6D95DB88CDDA}.Debug|x86.Build.0 = Debug|Win32
		{36146F60-0DAA-4BE0-9A72-6D95DB88CDDA}.Release|x64.ActiveCfg = Release|x64
		{36146F60-0DAA-4BE0-9A72-6D95DB88CDDA}.Release|x64.Build.0 = Release|x64
		{36146F60-0DAA-4BE0-9A72-6D95DB88CDDA}.Release|x86.ActiveCfg = Release|Win32
		{36146F60-0DAA-4BE0-9A72-6D95DB88CDDA}.Release|x86.Build.0 = Release|Win32
	EndGlobalSection
	GlobalSection(SolutionProperties) = preSolution
		HideSolutionNode = FALSE
	EndGlobalSection
	GlobalSection(ExtensibilityGlobals) = postSolution
		SolutionGuid = {FCEE4DE9-DB4B-420B-9B38-95989BF0ABF0}
	EndGlobalSection
EndGlobal
